
Microsoft Visual Studio Solution File, Format Version 12.00
# Visual Studio Version 16
VisualStudioVersion = 16.0.30011.22
MinimumVisualStudioVersion = 10.0.40219.1
Project("{FAE04EC0-301F-11D3-BF4B-00C04F79EFBC}") = "ElectronicJournal_WEB", "ElectronicJournal_WEB\ElectronicJournal_WEB.csproj", "{22BFB5DF-BB8C-48D5-82C0-DAD81F0BBB38}"
EndProject
Global
	GlobalSection(SolutionConfigurationPlatforms) = preSolution
		Debug|Any CPU = Debug|Any CPU
		Release|Any CPU = Release|Any CPU
	EndGlobalSection
	GlobalSection(ProjectConfigurationPlatforms) = postSolution
		{22BFB5DF-BB8C-48D5-82C0-DAD81F0BBB38}.Debug|Any CPU.ActiveCfg = Debug|Any CPU
		{22BFB5DF-BB8C-48D5-82C0-DAD81F0BBB38}.Debug|Any CPU.Build.0 = Debug|Any CPU
		{22BFB5DF-BB8C-48D5-82C0-DAD81F0BBB38}.Release|Any CPU.ActiveCfg = Release|Any CPU
		{22BFB5DF-BB8C-48D5-82C0-DAD81F0BBB38}.Release|Any CPU.Build.0 = Release|Any CPU
	EndGlobalSection
	GlobalSection(SolutionProperties) = preSolution
		HideSolutionNode = FALSE
	EndGlobalSection
	GlobalSection(ExtensibilityGlobals) = postSolution
		SolutionGuid = {8DA4FA87-AFDD-43D4-A861-3377D99D7F8D}
	EndGlobalSection
EndGlobal
